
Microsoft Visual Studio Solution File, Format Version 12.00
# Visual Studio Version 17
VisualStudioVersion = 17.12.35209.166
MinimumVisualStudioVersion = 10.0.40219.1
Project("{FAE04EC0-301F-11D3-BF4B-00C04F79EFBC}") = "BudgetManager", "BudgetManager\BudgetManager.csproj", "{F2BC4D6F-485C-4545-8CE0-8E8637BDFEEB}"
EndProject
Global
	GlobalSection(SolutionConfigurationPlatforms) = preSolution
		Debug|Any CPU = Debug|Any CPU
		Release|Any CPU = Release|Any CPU
	EndGlobalSection
	GlobalSection(ProjectConfigurationPlatforms) = postSolution
		{F2BC4D6F-485C-4545-8CE0-8E8637BDFEEB}.Debug|Any CPU.ActiveCfg = Debug|Any CPU
		{F2BC4D6F-485C-4545-8CE0-8E8637BDFEEB}.Debug|Any CPU.Build.0 = Debug|Any CPU
		{F2BC4D6F-485C-4545-8CE0-8E8637BDFEEB}.Debug|Any CPU.Deploy.0 = Debug|Any CPU
		{F2BC4D6F-485C-4545-8CE0-8E8637BDFEEB}.Release|Any CPU.ActiveCfg = Release|Any CPU
		{F2BC4D6F-485C-4545-8CE0-8E8637BDFEEB}.Release|Any CPU.Build.0 = Release|Any CPU
		{F2BC4D6F-485C-4545-8CE0-8E8637BDFEEB}.Release|Any CPU.Deploy.0 = Release|Any CPU
	EndGlobalSection
	GlobalSection(SolutionProperties) = preSolution
		HideSolutionNode = FALSE
	EndGlobalSection
	GlobalSection(ExtensibilityGlobals) = postSolution
		SolutionGuid = {52C6CFD5-CBD6-4857-B68C-23382A1BFAC9}
	EndGlobalSection
EndGlobal
